
Microsoft Visual Studio Solution File, Format Version 12.00
# Visual Studio 2012
Project("{FAE04EC0-301F-11D3-BF4B-00C04F79EFBC}") = "ICT13580089B", "ICT13580089B\ICT13580089B.csproj", "{CE28DA4A-D45D-4DCE-B4D6-CC23CC42FB47}"
EndProject
Project("{FAE04EC0-301F-11D3-BF4B-00C04F79EFBC}") = "ICT13580089B.iOS", "iOS\ICT13580089B.iOS.csproj", "{876C4B56-D882-46EE-9BDE-4844829463B1}"
EndProject
Global
	GlobalSection(SolutionConfigurationPlatforms) = preSolution
		Debug|Any CPU = Debug|Any CPU
		Release|Any CPU = Release|Any CPU
		Debug|iPhoneSimulator = Debug|iPhoneSimulator
		Release|iPhone = Release|iPhone
		Release|iPhoneSimulator = Release|iPhoneSimulator
		Debug|iPhone = Debug|iPhone
	EndGlobalSection
	GlobalSection(ProjectConfigurationPlatforms) = postSolution
		{CE28DA4A-D45D-4DCE-B4D6-CC23CC42FB47}.Debug|Any CPU.ActiveCfg = Debug|Any CPU
		{CE28DA4A-D45D-4DCE-B4D6-CC23CC42FB47}.Debug|Any CPU.Build.0 = Debug|Any CPU
		{CE28DA4A-D45D-4DCE-B4D6-CC23CC42FB47}.Release|Any CPU.ActiveCfg = Release|Any CPU
		{CE28DA4A-D45D-4DCE-B4D6-CC23CC42FB47}.Release|Any CPU.Build.0 = Release|Any CPU
		{CE28DA4A-D45D-4DCE-B4D6-CC23CC42FB47}.Debug|iPhoneSimulator.ActiveCfg = Debug|Any CPU
		{CE28DA4A-D45D-4DCE-B4D6-CC23CC42FB47}.Debug|iPhoneSimulator.Build.0 = Debug|Any CPU
		{CE28DA4A-D45D-4DCE-B4D6-CC23CC42FB47}.Release|iPhone.ActiveCfg = Release|Any CPU
		{CE28DA4A-D45D-4DCE-B4D6-CC23CC42FB47}.Release|iPhone.Build.0 = Release|Any CPU
		{CE28DA4A-D45D-4DCE-B4D6-CC23CC42FB47}.Release|iPhoneSimulator.ActiveCfg = Release|Any CPU
		{CE28DA4A-D45D-4DCE-B4D6-CC23CC42FB47}.Release|iPhoneSimulator.Build.0 = Release|Any CPU
		{CE28DA4A-D45D-4DCE-B4D6-CC23CC42FB47}.Debug|iPhone.ActiveCfg = Debug|Any CPU
		{CE28DA4A-D45D-4DCE-B4D6-CC23CC42FB47}.Debug|iPhone.Build.0 = Debug|Any CPU
		{876C4B56-D882-46EE-9BDE-4844829463B1}.Debug|Any CPU.ActiveCfg = Debug|iPhoneSimulator
		{876C4B56-D882-46EE-9BDE-4844829463B1}.Debug|Any CPU.Build.0 = Debug|iPhoneSimulator
		{876C4B56-D882-46EE-9BDE-4844829463B1}.Release|Any CPU.ActiveCfg = Release|iPhone
		{876C4B56-D882-46EE-9BDE-4844829463B1}.Release|Any CPU.Build.0 = Release|iPhone
		{876C4B56-D882-46EE-9BDE-4844829463B1}.Debug|iPhoneSimulator.ActiveCfg = Debug|iPhoneSimulator
		{876C4B56-D882-46EE-9BDE-4844829463B1}.Debug|iPhoneSimulator.Build.0 = Debug|iPhoneSimulator
		{876C4B56-D882-46EE-9BDE-4844829463B1}.Release|iPhone.ActiveCfg = Release|iPhone
		{876C4B56-D882-46EE-9BDE-4844829463B1}.Release|iPhone.Build.0 = Release|iPhone
		{876C4B56-D882-46EE-9BDE-4844829463B1}.Release|iPhoneSimulator.ActiveCfg = Release|iPhoneSimulator
		{876C4B56-D882-46EE-9BDE-4844829463B1}.Release|iPhoneSimulator.Build.0 = Release|iPhoneSimulator
		{876C4B56-D882-46EE-9BDE-4844829463B1}.Debug|iPhone.ActiveCfg = Debug|iPhone
		{876C4B56-D882-46EE-9BDE-4844829463B1}.Debug|iPhone.Build.0 = Debug|iPhone
	EndGlobalSection
EndGlobal
